
Microsoft Visual Studio Solution File, Format Version 11.00
# Visual Studio 2010
Project("{FAE04EC0-301F-11D3-BF4B-00C04F79EFBC}") = "Repository", "Repository\Repository.csproj", "{BC15979D-3CE9-4AE5-80EA-1A1701E04276}"
EndProject
Project("{2150E333-8FDC-42A3-9474-1A3956D46DE8}") = "Solution Items", "Solution Items", "{55CF6398-E523-4C2F-B8D8-76C5721D918F}"
	ProjectSection(SolutionItems) = preProject
		EmploymentProfiler.vsmdi = EmploymentProfiler.vsmdi
		Local.testsettings = Local.testsettings
		ToDo.txt = ToDo.txt
		TraceAndTestImpact.testsettings = TraceAndTestImpact.testsettings
	EndProjectSection
EndProject
Project("{FAE04EC0-301F-11D3-BF4B-00C04F79EFBC}") = "Test", "Test\Test.csproj", "{F3A11717-416B-43B0-BC40-0311C0FC3D4A}"
EndProject
Global
	GlobalSection(TestCaseManagementSettings) = postSolution
		CategoryFile = EmploymentProfiler.vsmdi
	EndGlobalSection
	GlobalSection(SolutionConfigurationPlatforms) = preSolution
		Debug|Any CPU = Debug|Any CPU
		Release|Any CPU = Release|Any CPU
	EndGlobalSection
	GlobalSection(ProjectConfigurationPlatforms) = postSolution
		{BC15979D-3CE9-4AE5-80EA-1A1701E04276}.Debug|Any CPU.ActiveCfg = Debug|Any CPU
		{BC15979D-3CE9-4AE5-80EA-1A1701E04276}.Debug|Any CPU.Build.0 = Debug|Any CPU
		{BC15979D-3CE9-4AE5-80EA-1A1701E04276}.Release|Any CPU.ActiveCfg = Release|Any CPU
		{BC15979D-3CE9-4AE5-80EA-1A1701E04276}.Release|Any CPU.Build.0 = Release|Any CPU
		{F3A11717-416B-43B0-BC40-0311C0FC3D4A}.Debug|Any CPU.ActiveCfg = Debug|Any CPU
		{F3A11717-416B-43B0-BC40-0311C0FC3D4A}.Debug|Any CPU.Build.0 = Debug|Any CPU
		{F3A11717-416B-43B0-BC40-0311C0FC3D4A}.Release|Any CPU.ActiveCfg = Release|Any CPU
		{F3A11717-416B-43B0-BC40-0311C0FC3D4A}.Release|Any CPU.Build.0 = Release|Any CPU
	EndGlobalSection
	GlobalSection(SolutionProperties) = preSolution
		HideSolutionNode = FALSE
	EndGlobalSection
EndGlobal
